
Microsoft Visual Studio Solution File, Format Version 12.00
# Visual Studio 15
VisualStudioVersion = 15.0.26430.14
MinimumVisualStudioVersion = 10.0.40219.1
Project("{FAE04EC0-301F-11D3-BF4B-00C04F79EFBC}") = "WebPx.WebTableReaderService", "WebPx.WebTableReaderService\WebPx.WebTableReaderService.csproj", "{C5621E55-289E-4F0B-97C8-BE5406B767CF}"
EndProject
Project("{FAE04EC0-301F-11D3-BF4B-00C04F79EFBC}") = "WebPx.WebTableReader", "WebPx.WebTableReader\WebPx.WebTableReader.csproj", "{9898E7E5-43A1-4E43-A650-E1CFAEB2A6E1}"
EndProject
Project("{FAE04EC0-301F-11D3-BF4B-00C04F79EFBC}") = "WebPx.WebTableReader.Request", "WebPx.WebTableReader.Request\WebPx.WebTableReader.Request.csproj", "{DAE3A1BD-C633-4E16-8B11-B63750B5F69F}"
EndProject
Project("{FAE04EC0-301F-11D3-BF4B-00C04F79EFBC}") = "WebPx.WebCrawler", "WebPx.WebCrawler\WebPx.WebCrawler.csproj", "{DB90DFFF-3C50-4524-BAE8-68F9A56EB448}"
EndProject
Project("{2150E333-8FDC-42A3-9474-1A3956D46DE8}") = "Solution Items", "Solution Items", "{26EDCB62-4B3C-4B68-8A1F-E624313946BF}"
EndProject
Global
	GlobalSection(SolutionConfigurationPlatforms) = preSolution
		Debug|Any CPU = Debug|Any CPU
		Release|Any CPU = Release|Any CPU
	EndGlobalSection
	GlobalSection(ProjectConfigurationPlatforms) = postSolution
		{C5621E55-289E-4F0B-97C8-BE5406B767CF}.Debug|Any CPU.ActiveCfg = Debug|Any CPU
		{C5621E55-289E-4F0B-97C8-BE5406B767CF}.Debug|Any CPU.Build.0 = Debug|Any CPU
		{C5621E55-289E-4F0B-97C8-BE5406B767CF}.Release|Any CPU.ActiveCfg = Release|Any CPU
		{C5621E55-289E-4F0B-97C8-BE5406B767CF}.Release|Any CPU.Build.0 = Release|Any CPU
		{9898E7E5-43A1-4E43-A650-E1CFAEB2A6E1}.Debug|Any CPU.ActiveCfg = Debug|Any CPU
		{9898E7E5-43A1-4E43-A650-E1CFAEB2A6E1}.Debug|Any CPU.Build.0 = Debug|Any CPU
		{9898E7E5-43A1-4E43-A650-E1CFAEB2A6E1}.Release|Any CPU.ActiveCfg = Release|Any CPU
		{9898E7E5-43A1-4E43-A650-E1CFAEB2A6E1}.Release|Any CPU.Build.0 = Release|Any CPU
		{DAE3A1BD-C633-4E16-8B11-B63750B5F69F}.Debug|Any CPU.ActiveCfg = Debug|Any CPU
		{DAE3A1BD-C633-4E16-8B11-B63750B5F69F}.Debug|Any CPU.Build.0 = Debug|Any CPU
		{DAE3A1BD-C633-4E16-8B11-B63750B5F69F}.Release|Any CPU.ActiveCfg = Release|Any CPU
		{DAE3A1BD-C633-4E16-8B11-B63750B5F69F}.Release|Any CPU.Build.0 = Release|Any CPU
		{DB90DFFF-3C50-4524-BAE8-68F9A56EB448}.Debug|Any CPU.ActiveCfg = Release|Any CPU
		{DB90DFFF-3C50-4524-BAE8-68F9A56EB448}.Debug|Any CPU.Build.0 = Release|Any CPU
		{DB90DFFF-3C50-4524-BAE8-68F9A56EB448}.Release|Any CPU.ActiveCfg = Release|Any CPU
		{DB90DFFF-3C50-4524-BAE8-68F9A56EB448}.Release|Any CPU.Build.0 = Release|Any CPU
	EndGlobalSection
	GlobalSection(SolutionProperties) = preSolution
		HideSolutionNode = FALSE
	EndGlobalSection
EndGlobal
